
Microsoft Visual Studio Solution File, Format Version 12.00
# Visual Studio Version 17
VisualStudioVersion = 17.6.33723.286
MinimumVisualStudioVersion = 10.0.40219.1
Project("{54A90642-561A-4BB1-A94E-469ADEE60C69}") = "vueapp", "vueapp\vueapp.esproj", "{81D16CF6-D322-48E9-AEC6-37A940AFF83E}"
EndProject
Project("{9A19103F-16F7-4668-BE54-9A1E7A4F7556}") = "webapi", "webapi\webapi.csproj", "{C329E0C2-B85E-482A-A53B-EF9BD3946667}"
EndProject
Global
	GlobalSection(SolutionConfigurationPlatforms) = preSolution
		Debug|Any CPU = Debug|Any CPU
		Release|Any CPU = Release|Any CPU
	EndGlobalSection
	GlobalSection(ProjectConfigurationPlatforms) = postSolution
		{81D16CF6-D322-48E9-AEC6-37A940AFF83E}.Debug|Any CPU.ActiveCfg = Debug|Any CPU
		{81D16CF6-D322-48E9-AEC6-37A940AFF83E}.Debug|Any CPU.Build.0 = Debug|Any CPU
		{81D16CF6-D322-48E9-AEC6-37A940AFF83E}.Debug|Any CPU.Deploy.0 = Debug|Any CPU
		{81D16CF6-D322-48E9-AEC6-37A940AFF83E}.Release|Any CPU.ActiveCfg = Release|Any CPU
		{81D16CF6-D322-48E9-AEC6-37A940AFF83E}.Release|Any CPU.Build.0 = Release|Any CPU
		{81D16CF6-D322-48E9-AEC6-37A940AFF83E}.Release|Any CPU.Deploy.0 = Release|Any CPU
		{C329E0C2-B85E-482A-A53B-EF9BD3946667}.Debug|Any CPU.ActiveCfg = Debug|Any CPU
		{C329E0C2-B85E-482A-A53B-EF9BD3946667}.Debug|Any CPU.Build.0 = Debug|Any CPU
		{C329E0C2-B85E-482A-A53B-EF9BD3946667}.Release|Any CPU.ActiveCfg = Release|Any CPU
		{C329E0C2-B85E-482A-A53B-EF9BD3946667}.Release|Any CPU.Build.0 = Release|Any CPU
	EndGlobalSection
	GlobalSection(SolutionProperties) = preSolution
		HideSolutionNode = FALSE
	EndGlobalSection
	GlobalSection(ExtensibilityGlobals) = postSolution
		SolutionGuid = {B7092283-BCD7-494E-9DBC-F16B9ABC91BD}
	EndGlobalSection
EndGlobal
